
Microsoft Visual Studio Solution File, Format Version 12.00
# Visual Studio 14
VisualStudioVersion = 14.0.25420.1
MinimumVisualStudioVersion = 10.0.40219.1
Project("{F2A71F9B-5D33-465A-A702-920D77279786}") = "fsFixGen", "fsFixGen\fsFixGen.fsproj", "{2AD79AE4-17D7-4991-85F6-328ED07CBDF4}"
EndProject
Project("{2150E333-8FDC-42A3-9474-1A3956D46DE8}") = "Solution Items", "Solution Items", "{53C79F9C-38E6-40E9-BE39-D75560A18272}"
	ProjectSection(SolutionItems) = preProject
		paket.dependencies = paket.dependencies
		paket.lock = paket.lock
		Parallel2.runsettings = Parallel2.runsettings
	EndProjectSection
EndProject
Project("{F2A71F9B-5D33-465A-A702-920D77279786}") = "fsFix", "fsFix\fsFix.fsproj", "{C90A912F-AA9D-4D66-8C64-B29EC34E3F9A}"
EndProject
Project("{F2A71F9B-5D33-465A-A702-920D77279786}") = "benchmark", "benchmark\benchmark.fsproj", "{013C8C02-59B8-4DE3-871E-CF5E9C61AC67}"
EndProject
Project("{F2A71F9B-5D33-465A-A702-920D77279786}") = "unitTests", "unitTests\unitTests.fsproj", "{0AA5FFB1-A28C-4259-B611-FBC8BFC95034}"
EndProject
Project("{FAE04EC0-301F-11D3-BF4B-00C04F79EFBC}") = "dummyUnitTestProj", "UnitTestProject1\dummyUnitTestProj.csproj", "{2E3DF5C2-8A38-4A03-86D7-8D463C917E47}"
EndProject
Project("{F2A71F9B-5D33-465A-A702-920D77279786}") = "propertyTestsXUnit", "propertyTests\propertyTestsXUnit.fsproj", "{D23D2990-8937-4EDB-9B71-F39FED8893B7}"
EndProject
Project("{F2A71F9B-5D33-465A-A702-920D77279786}") = "propertyTestsConsole", "propertyTest2\propertyTestsConsole.fsproj", "{DC0B1304-B1F1-44FE-8B51-F8453515AF8E}"
EndProject
Project("{F2A71F9B-5D33-465A-A702-920D77279786}") = "SimpleTradeClient", "SimpleTradeClient\SimpleTradeClient.fsproj", "{83C58B4D-B689-414A-97DA-E901E4535161}"
EndProject
Project("{FAE04EC0-301F-11D3-BF4B-00C04F79EFBC}") = "DummyXUnitTestProject2", "DummyXUnitTestProject2\DummyXUnitTestProject2.csproj", "{0D755A64-0BB9-4780-9021-77A8743C9C9E}"
EndProject
Project("{F2A71F9B-5D33-465A-A702-920D77279786}") = "scratchConsoleApp", "scratchConsoleApp\scratchConsoleApp.fsproj", "{96A09A78-0337-451C-8C5B-8695D48B2F22}"
EndProject
Global
	GlobalSection(SolutionConfigurationPlatforms) = preSolution
		Debug|Any CPU = Debug|Any CPU
		Release|Any CPU = Release|Any CPU
	EndGlobalSection
	GlobalSection(ProjectConfigurationPlatforms) = postSolution
		{2AD79AE4-17D7-4991-85F6-328ED07CBDF4}.Debug|Any CPU.ActiveCfg = Debug|Any CPU
		{2AD79AE4-17D7-4991-85F6-328ED07CBDF4}.Debug|Any CPU.Build.0 = Debug|Any CPU
		{2AD79AE4-17D7-4991-85F6-328ED07CBDF4}.Release|Any CPU.ActiveCfg = Release|Any CPU
		{2AD79AE4-17D7-4991-85F6-328ED07CBDF4}.Release|Any CPU.Build.0 = Release|Any CPU
		{C90A912F-AA9D-4D66-8C64-B29EC34E3F9A}.Debug|Any CPU.ActiveCfg = Debug|Any CPU
		{C90A912F-AA9D-4D66-8C64-B29EC34E3F9A}.Debug|Any CPU.Build.0 = Debug|Any CPU
		{C90A912F-AA9D-4D66-8C64-B29EC34E3F9A}.Release|Any CPU.ActiveCfg = Release|Any CPU
		{C90A912F-AA9D-4D66-8C64-B29EC34E3F9A}.Release|Any CPU.Build.0 = Release|Any CPU
		{013C8C02-59B8-4DE3-871E-CF5E9C61AC67}.Debug|Any CPU.ActiveCfg = Debug|Any CPU
		{013C8C02-59B8-4DE3-871E-CF5E9C61AC67}.Debug|Any CPU.Build.0 = Debug|Any CPU
		{013C8C02-59B8-4DE3-871E-CF5E9C61AC67}.Release|Any CPU.ActiveCfg = Release|Any CPU
		{013C8C02-59B8-4DE3-871E-CF5E9C61AC67}.Release|Any CPU.Build.0 = Release|Any CPU
		{0AA5FFB1-A28C-4259-B611-FBC8BFC95034}.Debug|Any CPU.ActiveCfg = Debug|Any CPU
		{0AA5FFB1-A28C-4259-B611-FBC8BFC95034}.Debug|Any CPU.Build.0 = Debug|Any CPU
		{0AA5FFB1-A28C-4259-B611-FBC8BFC95034}.Release|Any CPU.ActiveCfg = Release|Any CPU
		{0AA5FFB1-A28C-4259-B611-FBC8BFC95034}.Release|Any CPU.Build.0 = Release|Any CPU
		{2E3DF5C2-8A38-4A03-86D7-8D463C917E47}.Debug|Any CPU.ActiveCfg = Debug|Any CPU
		{2E3DF5C2-8A38-4A03-86D7-8D463C917E47}.Debug|Any CPU.Build.0 = Debug|Any CPU
		{2E3DF5C2-8A38-4A03-86D7-8D463C917E47}.Release|Any CPU.ActiveCfg = Release|Any CPU
		{2E3DF5C2-8A38-4A03-86D7-8D463C917E47}.Release|Any CPU.Build.0 = Release|Any CPU
		{D23D2990-8937-4EDB-9B71-F39FED8893B7}.Debug|Any CPU.ActiveCfg = Debug|Any CPU
		{D23D2990-8937-4EDB-9B71-F39FED8893B7}.Debug|Any CPU.Build.0 = Debug|Any CPU
		{D23D2990-8937-4EDB-9B71-F39FED8893B7}.Release|Any CPU.ActiveCfg = Release|Any CPU
		{D23D2990-8937-4EDB-9B71-F39FED8893B7}.Release|Any CPU.Build.0 = Release|Any CPU
		{DC0B1304-B1F1-44FE-8B51-F8453515AF8E}.Debug|Any CPU.ActiveCfg = Debug|Any CPU
		{DC0B1304-B1F1-44FE-8B51-F8453515AF8E}.Debug|Any CPU.Build.0 = Debug|Any CPU
		{DC0B1304-B1F1-44FE-8B51-F8453515AF8E}.Release|Any CPU.ActiveCfg = Release|Any CPU
		{DC0B1304-B1F1-44FE-8B51-F8453515AF8E}.Release|Any CPU.Build.0 = Release|Any CPU
		{83C58B4D-B689-414A-97DA-E901E4535161}.Debug|Any CPU.ActiveCfg = Debug|Any CPU
		{83C58B4D-B689-414A-97DA-E901E4535161}.Debug|Any CPU.Build.0 = Debug|Any CPU
		{83C58B4D-B689-414A-97DA-E901E4535161}.Release|Any CPU.ActiveCfg = Release|Any CPU
		{83C58B4D-B689-414A-97DA-E901E4535161}.Release|Any CPU.Build.0 = Release|Any CPU
		{0D755A64-0BB9-4780-9021-77A8743C9C9E}.Debug|Any CPU.ActiveCfg = Debug|Any CPU
		{0D755A64-0BB9-4780-9021-77A8743C9C9E}.Debug|Any CPU.Build.0 = Debug|Any CPU
		{0D755A64-0BB9-4780-9021-77A8743C9C9E}.Release|Any CPU.ActiveCfg = Release|Any CPU
		{0D755A64-0BB9-4780-9021-77A8743C9C9E}.Release|Any CPU.Build.0 = Release|Any CPU
		{96A09A78-0337-451C-8C5B-8695D48B2F22}.Debug|Any CPU.ActiveCfg = Debug|Any CPU
		{96A09A78-0337-451C-8C5B-8695D48B2F22}.Debug|Any CPU.Build.0 = Debug|Any CPU
		{96A09A78-0337-451C-8C5B-8695D48B2F22}.Release|Any CPU.ActiveCfg = Release|Any CPU
		{96A09A78-0337-451C-8C5B-8695D48B2F22}.Release|Any CPU.Build.0 = Release|Any CPU
	EndGlobalSection
	GlobalSection(SolutionProperties) = preSolution
		HideSolutionNode = FALSE
	EndGlobalSection
EndGlobal
