
Microsoft Visual Studio Solution File, Format Version 12.00
# Visual Studio 14
VisualStudioVersion = 14.0.25420.1
MinimumVisualStudioVersion = 10.0.40219.1
Project("{F2A71F9B-5D33-465A-A702-920D77279786}") = "CodeGen", "fsFixGen\CodeGen.fsproj", "{2AD79AE4-17D7-4991-85F6-328ED07CBDF4}"
EndProject
Project("{2150E333-8FDC-42A3-9474-1A3956D46DE8}") = "Solution Items", "Solution Items", "{53C79F9C-38E6-40E9-BE39-D75560A18272}"
	ProjectSection(SolutionItems) = preProject
		Parallel2.runsettings = Parallel2.runsettings
	EndProjectSection
EndProject
Project("{F2A71F9B-5D33-465A-A702-920D77279786}") = "FsFix", "fsFix\FsFix.fsproj", "{C90A912F-AA9D-4D66-8C64-B29EC34E3F9A}"
EndProject
Project("{F2A71F9B-5D33-465A-A702-920D77279786}") = "UnitTests", "unitTests\UnitTests.fsproj", "{0AA5FFB1-A28C-4259-B611-FBC8BFC95034}"
EndProject
Project("{F2A71F9B-5D33-465A-A702-920D77279786}") = "PropertyTests", "propertyTests\PropertyTests.fsproj", "{D23D2990-8937-4EDB-9B71-F39FED8893B7}"
EndProject
Project("{F2A71F9B-5D33-465A-A702-920D77279786}") = "ReverseXMLGen", "FsFixReverseGen\ReverseXMLGen.fsproj", "{754497B7-82EF-4325-A638-8B1D38851C88}"
EndProject
Project("{F2A71F9B-5D33-465A-A702-920D77279786}") = "QuickFIXEcho", "FsFIXEcho\QuickFIXEcho.fsproj", "{28D4295A-89CD-4CFA-9F6F-D1E730FE2FBF}"
EndProject
Project("{F2A71F9B-5D33-465A-A702-920D77279786}") = "Benchmark", "Benchmark\Benchmark.fsproj", "{15515346-8C13-4859-A530-75C0C8279011}"
EndProject
Global
	GlobalSection(SolutionConfigurationPlatforms) = preSolution
		Debug|Any CPU = Debug|Any CPU
		Release|Any CPU = Release|Any CPU
	EndGlobalSection
	GlobalSection(ProjectConfigurationPlatforms) = postSolution
		{2AD79AE4-17D7-4991-85F6-328ED07CBDF4}.Debug|Any CPU.ActiveCfg = Debug|Any CPU
		{2AD79AE4-17D7-4991-85F6-328ED07CBDF4}.Debug|Any CPU.Build.0 = Debug|Any CPU
		{2AD79AE4-17D7-4991-85F6-328ED07CBDF4}.Release|Any CPU.ActiveCfg = Release|Any CPU
		{2AD79AE4-17D7-4991-85F6-328ED07CBDF4}.Release|Any CPU.Build.0 = Release|Any CPU
		{C90A912F-AA9D-4D66-8C64-B29EC34E3F9A}.Debug|Any CPU.ActiveCfg = Debug|Any CPU
		{C90A912F-AA9D-4D66-8C64-B29EC34E3F9A}.Debug|Any CPU.Build.0 = Debug|Any CPU
		{C90A912F-AA9D-4D66-8C64-B29EC34E3F9A}.Release|Any CPU.ActiveCfg = Release|Any CPU
		{C90A912F-AA9D-4D66-8C64-B29EC34E3F9A}.Release|Any CPU.Build.0 = Release|Any CPU
		{0AA5FFB1-A28C-4259-B611-FBC8BFC95034}.Debug|Any CPU.ActiveCfg = Debug|Any CPU
		{0AA5FFB1-A28C-4259-B611-FBC8BFC95034}.Debug|Any CPU.Build.0 = Debug|Any CPU
		{0AA5FFB1-A28C-4259-B611-FBC8BFC95034}.Release|Any CPU.ActiveCfg = Release|Any CPU
		{0AA5FFB1-A28C-4259-B611-FBC8BFC95034}.Release|Any CPU.Build.0 = Release|Any CPU
		{D23D2990-8937-4EDB-9B71-F39FED8893B7}.Debug|Any CPU.ActiveCfg = Debug|Any CPU
		{D23D2990-8937-4EDB-9B71-F39FED8893B7}.Debug|Any CPU.Build.0 = Debug|Any CPU
		{D23D2990-8937-4EDB-9B71-F39FED8893B7}.Release|Any CPU.ActiveCfg = Release|Any CPU
		{D23D2990-8937-4EDB-9B71-F39FED8893B7}.Release|Any CPU.Build.0 = Release|Any CPU
		{754497B7-82EF-4325-A638-8B1D38851C88}.Debug|Any CPU.ActiveCfg = Debug|Any CPU
		{754497B7-82EF-4325-A638-8B1D38851C88}.Debug|Any CPU.Build.0 = Debug|Any CPU
		{754497B7-82EF-4325-A638-8B1D38851C88}.Release|Any CPU.ActiveCfg = Release|Any CPU
		{754497B7-82EF-4325-A638-8B1D38851C88}.Release|Any CPU.Build.0 = Release|Any CPU
		{28D4295A-89CD-4CFA-9F6F-D1E730FE2FBF}.Debug|Any CPU.ActiveCfg = Debug|Any CPU
		{28D4295A-89CD-4CFA-9F6F-D1E730FE2FBF}.Debug|Any CPU.Build.0 = Debug|Any CPU
		{28D4295A-89CD-4CFA-9F6F-D1E730FE2FBF}.Release|Any CPU.ActiveCfg = Release|Any CPU
		{28D4295A-89CD-4CFA-9F6F-D1E730FE2FBF}.Release|Any CPU.Build.0 = Release|Any CPU
		{15515346-8C13-4859-A530-75C0C8279011}.Debug|Any CPU.ActiveCfg = Debug|Any CPU
		{15515346-8C13-4859-A530-75C0C8279011}.Debug|Any CPU.Build.0 = Debug|Any CPU
		{15515346-8C13-4859-A530-75C0C8279011}.Release|Any CPU.ActiveCfg = Release|Any CPU
		{15515346-8C13-4859-A530-75C0C8279011}.Release|Any CPU.Build.0 = Release|Any CPU
	EndGlobalSection
	GlobalSection(SolutionProperties) = preSolution
		HideSolutionNode = FALSE
	EndGlobalSection
EndGlobal
