
Microsoft Visual Studio Solution File, Format Version 12.00
# Visual Studio 14
VisualStudioVersion = 14.0.25420.1
MinimumVisualStudioVersion = 10.0.40219.1
Project("{F2A71F9B-5D33-465A-A702-920D77279786}") = "fsFixGen", "fsFixGen\fsFixGen.fsproj", "{2AD79AE4-17D7-4991-85F6-328ED07CBDF4}"
EndProject
Project("{2150E333-8FDC-42A3-9474-1A3956D46DE8}") = "Solution Items", "Solution Items", "{53C79F9C-38E6-40E9-BE39-D75560A18272}"
EndProject
Project("{F2A71F9B-5D33-465A-A702-920D77279786}") = "fsFix", "fsFix\fsFix.fsproj", "{C90A912F-AA9D-4D66-8C64-B29EC34E3F9A}"
EndProject
Global
	GlobalSection(SolutionConfigurationPlatforms) = preSolution
		Debug|Any CPU = Debug|Any CPU
		Release|Any CPU = Release|Any CPU
	EndGlobalSection
	GlobalSection(ProjectConfigurationPlatforms) = postSolution
		{2AD79AE4-17D7-4991-85F6-328ED07CBDF4}.Debug|Any CPU.ActiveCfg = Debug|Any CPU
		{2AD79AE4-17D7-4991-85F6-328ED07CBDF4}.Debug|Any CPU.Build.0 = Debug|Any CPU
		{2AD79AE4-17D7-4991-85F6-328ED07CBDF4}.Release|Any CPU.ActiveCfg = Release|Any CPU
		{2AD79AE4-17D7-4991-85F6-328ED07CBDF4}.Release|Any CPU.Build.0 = Release|Any CPU
		{C90A912F-AA9D-4D66-8C64-B29EC34E3F9A}.Debug|Any CPU.ActiveCfg = Debug|Any CPU
		{C90A912F-AA9D-4D66-8C64-B29EC34E3F9A}.Debug|Any CPU.Build.0 = Debug|Any CPU
		{C90A912F-AA9D-4D66-8C64-B29EC34E3F9A}.Release|Any CPU.ActiveCfg = Release|Any CPU
		{C90A912F-AA9D-4D66-8C64-B29EC34E3F9A}.Release|Any CPU.Build.0 = Release|Any CPU
	EndGlobalSection
	GlobalSection(SolutionProperties) = preSolution
		HideSolutionNode = FALSE
	EndGlobalSection
EndGlobal
